<?xml version="1.0" encoding="utf-8"?>
<Project ToolsVersion="4.0" xmlns="http://schemas.microsoft.com/developer/msbuild/2003">
  <ItemGroup>
    <ClCompile Include="Cannon.cpp" />
    <ClCompile Include="GamePlayManager.cpp" />
    <ClCompile Include="GraphFactory.cpp" />
    <ClCompile Include="Main.cpp" />
    <ClCompile Include="Render.cpp" />
    <ClCompile Include="Vector2.cpp" />
    <ClCompile Include="Bullet.cpp" />
    <ClCompile Include="GameObjectManager.cpp" />
    <ClCompile Include="Input.cpp" />
    <ClCompile Include="Player.cpp" />
    <ClCompile Include="Enemy.cpp" />
    <ClCompile Include="Ground.cpp" />
    <ClCompile Include="EnemyGenerateManager.cpp" />
    <ClCompile Include="WaveLine.cpp" />
    <ClCompile Include="Music.cpp" />
  </ItemGroup>
  <ItemGroup>
    <ClInclude Include="Cannon.h" />
    <ClInclude Include="FPS.h" />
    <ClInclude Include="GamePlayManager.h" />
    <ClInclude Include="GraphFactory.h" />
    <ClInclude Include="Object.h" />
    <ClInclude Include="Render.h" />
    <ClInclude Include="Vector2.h" />
    <ClInclude Include="WindowInfo.h" />
    <ClInclude Include="Bullet.h" />
    <ClInclude Include="GameObjectManager.h" />
    <ClInclude Include="Input.h" />
    <ClInclude Include="Player.h" />
    <ClInclude Include="Enemy.h" />
    <ClInclude Include="Ground.h" />
    <ClInclude Include="EnemyGenerateManager.h" />
    <ClInclude Include="WaveLine.h" />
    <ClInclude Include="Music.h" />
  </ItemGroup>
</Project>